
Microsoft Visual Studio Solution File, Format Version 12.00
# Visual Studio 15
VisualStudioVersion = 15.0.28307.489
MinimumVisualStudioVersion = 10.0.40219.1
Project("{FAE04EC0-301F-11D3-BF4B-00C04F79EFBC}") = "CameraOverlay", "CameraOverlay\CameraOverlay.csproj", "{F5819734-797F-44C0-8BE1-3099B1F6F58B}"
EndProject
Global
	GlobalSection(SolutionConfigurationPlatforms) = preSolution
		Debug|Any CPU = Debug|Any CPU
		Release|Any CPU = Release|Any CPU
	EndGlobalSection
	GlobalSection(ProjectConfigurationPlatforms) = postSolution
		{F5819734-797F-44C0-8BE1-3099B1F6F58B}.Debug|Any CPU.ActiveCfg = Debug|Any CPU
		{F5819734-797F-44C0-8BE1-3099B1F6F58B}.Debug|Any CPU.Build.0 = Debug|Any CPU
		{F5819734-797F-44C0-8BE1-3099B1F6F58B}.Release|Any CPU.ActiveCfg = Release|Any CPU
		{F5819734-797F-44C0-8BE1-3099B1F6F58B}.Release|Any CPU.Build.0 = Release|Any CPU
	EndGlobalSection
	GlobalSection(SolutionProperties) = preSolution
		HideSolutionNode = FALSE
	EndGlobalSection
	GlobalSection(ExtensibilityGlobals) = postSolution
		SolutionGuid = {7111F88F-6637-44AB-889D-C6C95FB53ECE}
	EndGlobalSection
EndGlobal
