
Microsoft Visual Studio Solution File, Format Version 12.00
# Visual Studio 15
VisualStudioVersion = 15.0.28307.421
MinimumVisualStudioVersion = 10.0.40219.1
Project("{FAE04EC0-301F-11D3-BF4B-00C04F79EFBC}") = "overlay", "overlay\overlay.csproj", "{7377E300-2FEA-4E8A-A0DB-D4263C274E90}"
EndProject
Global
	GlobalSection(SolutionConfigurationPlatforms) = preSolution
		Debug|Any CPU = Debug|Any CPU
		Release|Any CPU = Release|Any CPU
	EndGlobalSection
	GlobalSection(ProjectConfigurationPlatforms) = postSolution
		{7377E300-2FEA-4E8A-A0DB-D4263C274E90}.Debug|Any CPU.ActiveCfg = Debug|Any CPU
		{7377E300-2FEA-4E8A-A0DB-D4263C274E90}.Debug|Any CPU.Build.0 = Debug|Any CPU
		{7377E300-2FEA-4E8A-A0DB-D4263C274E90}.Release|Any CPU.ActiveCfg = Release|Any CPU
		{7377E300-2FEA-4E8A-A0DB-D4263C274E90}.Release|Any CPU.Build.0 = Release|Any CPU
	EndGlobalSection
	GlobalSection(SolutionProperties) = preSolution
		HideSolutionNode = FALSE
	EndGlobalSection
	GlobalSection(ExtensibilityGlobals) = postSolution
		SolutionGuid = {77FFFF92-D002-4982-99A1-C8BB161328C0}
	EndGlobalSection
EndGlobal
